
Microsoft Visual Studio Solution File, Format Version 12.00
# Visual Studio Version 17
VisualStudioVersion = 17.7.34031.279
MinimumVisualStudioVersion = 10.0.40219.1
Project("{FAE04EC0-301F-11D3-BF4B-00C04F79EFBC}") = "FileUploadViewDelete", "FileUploadViewDelete\FileUploadViewDelete.csproj", "{96EFD257-34E9-43EF-9C24-58E900E3F704}"
EndProject
Global
	GlobalSection(SolutionConfigurationPlatforms) = preSolution
		Debug|Any CPU = Debug|Any CPU
		Release|Any CPU = Release|Any CPU
	EndGlobalSection
	GlobalSection(ProjectConfigurationPlatforms) = postSolution
		{96EFD257-34E9-43EF-9C24-58E900E3F704}.Debug|Any CPU.ActiveCfg = Debug|Any CPU
		{96EFD257-34E9-43EF-9C24-58E900E3F704}.Debug|Any CPU.Build.0 = Debug|Any CPU
		{96EFD257-34E9-43EF-9C24-58E900E3F704}.Release|Any CPU.ActiveCfg = Release|Any CPU
		{96EFD257-34E9-43EF-9C24-58E900E3F704}.Release|Any CPU.Build.0 = Release|Any CPU
	EndGlobalSection
	GlobalSection(SolutionProperties) = preSolution
		HideSolutionNode = FALSE
	EndGlobalSection
	GlobalSection(ExtensibilityGlobals) = postSolution
		SolutionGuid = {004B88A6-60D2-4B00-B94F-F17C50EBDF06}
	EndGlobalSection
EndGlobal
